
Microsoft Visual Studio Solution File, Format Version 12.00
# Visual Studio Version 17
VisualStudioVersion = 17.3.32901.215
MinimumVisualStudioVersion = 10.0.40219.1
Project("{FAE04EC0-301F-11D3-BF4B-00C04F79EFBC}") = "DZ4_1", "DZ4_1\DZ4_1.csproj", "{2E29F3BC-D47A-4D60-A2EB-CE880AB61198}"
EndProject
Project("{FAE04EC0-301F-11D3-BF4B-00C04F79EFBC}") = "DZ4_2", "DZ4_2\DZ4_2.csproj", "{BF6BBA1C-CF9B-4ADE-9948-11C0BC1EEFA3}"
EndProject
Global
	GlobalSection(SolutionConfigurationPlatforms) = preSolution
		Debug|Any CPU = Debug|Any CPU
		Release|Any CPU = Release|Any CPU
	EndGlobalSection
	GlobalSection(ProjectConfigurationPlatforms) = postSolution
		{2E29F3BC-D47A-4D60-A2EB-CE880AB61198}.Debug|Any CPU.ActiveCfg = Debug|Any CPU
		{2E29F3BC-D47A-4D60-A2EB-CE880AB61198}.Debug|Any CPU.Build.0 = Debug|Any CPU
		{2E29F3BC-D47A-4D60-A2EB-CE880AB61198}.Release|Any CPU.ActiveCfg = Release|Any CPU
		{2E29F3BC-D47A-4D60-A2EB-CE880AB61198}.Release|Any CPU.Build.0 = Release|Any CPU
		{BF6BBA1C-CF9B-4ADE-9948-11C0BC1EEFA3}.Debug|Any CPU.ActiveCfg = Debug|Any CPU
		{BF6BBA1C-CF9B-4ADE-9948-11C0BC1EEFA3}.Debug|Any CPU.Build.0 = Debug|Any CPU
		{BF6BBA1C-CF9B-4ADE-9948-11C0BC1EEFA3}.Release|Any CPU.ActiveCfg = Release|Any CPU
		{BF6BBA1C-CF9B-4ADE-9948-11C0BC1EEFA3}.Release|Any CPU.Build.0 = Release|Any CPU
	EndGlobalSection
	GlobalSection(SolutionProperties) = preSolution
		HideSolutionNode = FALSE
	EndGlobalSection
	GlobalSection(ExtensibilityGlobals) = postSolution
		SolutionGuid = {EE0CA9D3-FC24-4A72-92B9-AA6BB95F223E}
	EndGlobalSection
EndGlobal
